{
  "lockfileVersion": 1,
  "configVersion": 1,
  "workspaces": {
    "": {
      "name": "migrations",
      "dependencies": {
        "@aws-sdk/client-s3": "^3.1144.0",
        "@types/pg": "^8.23.1",
        "algoliasearch": "^5.56.0",
        "dotenv": "^18.0.5",
        "imagekit": "^6.0.0",
        "ioredis": "^6.0.0",
        "pg": "^8.23.0",
        "recombee-api-client": "^6.3.0",
        "recombee-js-api-client": "^6.2.1",
      },
      "devDependencies": {
        "@types/bun": "latest",
      },
      "peerDependencies": {
        "typescript": "^5",
      },
    },
  },
  "packages": {
    "@algolia/abtesting": ["@algolia/abtesting@1.22.0", "", { "dependencies": { "@algolia/client-common": "5.56.0", "@algolia/requester-browser-xhr": "5.56.0", "@algolia/requester-fetch": "5.56.0", "@algolia/requester-node-http": "5.56.0" } }, "sha512-BFR6zNowNKcY7Ou7TaJc9QWexES4YKPbmf/OTFofpdsdhz4x6q0lbxp3duO0EHnyrN7rE4ba/TSXuY+BDGu4+g=="],

    "@algolia/client-abtesting": ["@algolia/client-abtesting@5.56.0", "", { "dependencies": { "@algolia/client-common": "5.56.0", "@algolia/requester-browser-xhr": "5.56.0", "@algolia/requester-fetch": "5.56.0", "@algolia/requester-node-http": "5.56.0" } }, "sha512-7r4Z3NC7yU1oAQVWJNA2HX7tX481F3pJvCGyLIXiTdBcthz4Q/o21jwcMYDFkuI92UWTNBQQmHYgwHo1zS5dzg=="],

    "@algolia/client-analytics": ["@algolia/client-analytics@5.56.0", "", { "dependencies": { "@algolia/client-common": "5.56.0", "@algolia/requester-browser-xhr": "5.56.0", "@algolia/requester-fetch": "5.56.0", "@algolia/requester-node-http": "5.56.0" } }, "sha512-avmjXQSq+jadFO8Xl2em05/uQdQnEmHsJyOAdVbZkmVgpMfxL12aJwVVfGNwYr9nulcpuJN1X0lTaQ5wxuNGcA=="],

    "@algolia/client-common": ["@algolia/client-common@5.56.0", "", {}, "sha512-v2TPStUhY//ripPjIVclZ8AWc7DEGooXULZGFlFu37zNatgHjw34oZZ+OSbbc/YHO+xZwPl62I1k8xH1m4S2eg=="],

    "@algolia/client-insights": ["@algolia/client-insights@5.56.0", "", { "dependencies": { "@algolia/client-common": "5.56.0", "@algolia/requester-browser-xhr": "5.56.0", "@algolia/requester-fetch": "5.56.0", "@algolia/requester-node-http": "5.56.0" } }, "sha512-P0ehROpM4Sem3Sqo5x2cKPgj67D3G3jy0rh1Amwkcvsfr6tkvIcdCmerieanqTF7NxUMPNFLkpIFeMO8Rpa50w=="],

    "@algolia/client-personalization": ["@algolia/client-personalization@5.56.0", "", { "dependencies": { "@algolia/client-common": "5.56.0", "@algolia/requester-browser-xhr": "5.56.0", "@algolia/requester-fetch": "5.56.0", "@algolia/requester-node-http": "5.56.0" } }, "sha512-SXK3Vn3WVxyzbm31oePZBJkp1wpOyuWdd4B/Pv7n0aXDxmeSWhC1R1FC1517mMrFAIaPH4Rt0x6RUe7ZNjz8FA=="],

    "@algolia/client-query-suggestions": ["@algolia/client-query-suggestions@5.56.0", "", { "dependencies": { "@algolia/client-common": "5.56.0", "@algolia/requester-browser-xhr": "5.56.0", "@algolia/requester-fetch": "5.56.0", "@algolia/requester-node-http": "5.56.0" } }, "sha512-5+ZdX8garFnmycnZgKhtXHePEaLj5zqDxI/0lkhhluzCcvTn0/PvvTirTg8hHYetQHvn7GDyeAiqTAieMvMW4A=="],

    "@algolia/client-search": ["@algolia/client-search@5.56.0", "", { "dependencies": { "@algolia/client-common": "5.56.0", "@algolia/requester-browser-xhr": "5.56.0", "@algolia/requester-fetch": "5.56.0", "@algolia/requester-node-http": "5.56.0" } }, "sha512-+mKUdYvqOi0BcvpAEyCEw49vSBptufIcfibtHz2bdr1pI789M46Yt0uQEk/sxtK3teh71OQvVFHaTDzShUWewQ=="],

    "@algolia/ingestion": ["@algolia/ingestion@1.56.0", "", { "dependencies": { "@algolia/client-common": "5.56.0", "@algolia/requester-browser-xhr": "5.56.0", "@algolia/requester-fetch": "5.56.0", "@algolia/requester-node-http": "5.56.0" } }, "sha512-9g/zj+AZx5moFcdFIrYQoVrueXivjUcc3MQHtCYT8WhIuk1lUh1AyEhvJCS0XBZld09cLvd1AZ3BvDBpVpX2UA=="],

    "@algolia/monitoring": ["@algolia/monitoring@1.56.0", "", { "dependencies": { "@algolia/client-common": "5.56.0", "@algolia/requester-browser-xhr": "5.56.0", "@algolia/requester-fetch": "5.56.0", "@algolia/requester-node-http": "5.56.0" } }, "sha512-Qf3Sr6f9A9uxCZUf3MXS0d2b877uYzEB5yxqpVGXAhcJnBCQjrRRon0KvefpGkxy+BshrIJs96OUoMtGqXTFDA=="],

    "@algolia/recommend": ["@algolia/recommend@5.56.0", "", { "dependencies": { "@algolia/client-common": "5.56.0", "@algolia/requester-browser-xhr": "5.56.0", "@algolia/requester-fetch": "5.56.0", "@algolia/requester-node-http": "5.56.0" } }, "sha512-GXWG1rWc5wu8hY4N33Y3b6ernY6sAdAvmKWN/zHAiACOx40WnpG0TVX5YazCAr/9gOYGInSiM2A0y2jy2xbiDA=="],

    "@algolia/requester-browser-xhr": ["@algolia/requester-browser-xhr@5.56.0", "", { "dependencies": { "@algolia/client-common": "5.56.0" } }, "sha512-7t24cBxaInS3mZb7ddEaZT/tp6q+/aR4YttsQVyP1/i+LmwPR34atO35KjaLFCcRVrlP7sYOAqkCfg6lIRB+ew=="],

    "@algolia/requester-fetch": ["@algolia/requester-fetch@5.56.0", "", { "dependencies": { "@algolia/client-common": "5.56.0" } }, "sha512-R7ePHgVYmDFjZpvrsVAfbDz/d4RxKAYZ5/vgLfIsCVRZRryjWl/3INOxpOICzitehQ5FjNtNjcLQTrmHPTcHBQ=="],

    "@algolia/requester-node-http": ["@algolia/requester-node-http@5.56.0", "", { "dependencies": { "@algolia/client-common": "5.56.0" } }, "sha512-PIOUXlSnrqM0S+WOgDRb4RzotydJH7ZoT6tOyL7tAO7qJOfvX5wsEW8Pe+PMKMwvuI4/gIyK9cg2H7lJXqnc4Q=="],

    "@aws-sdk/checksums": ["@aws-sdk/checksums@3.1001.1", "", { "dependencies": { "@aws-sdk/core": "^3.978.1", "@aws-sdk/types": "^3.974.6", "@smithy/core": "^3.35.0", "@smithy/types": "^4.19.0", "tslib": "^2.6.2" } }, "sha512-x12Q17KYlJAd3nKf8LV5LV0vt8sh8/6YfQLGPtrGnQf/tW4jqxPGq5GPpuVitpQYM3eUR4XB7CbxZf751NMbLw=="],

    "@aws-sdk/client-s3": ["@aws-sdk/client-s3@3.1144.0", "", { "dependencies": { "@aws-sdk/checksums": "^3.1001.1", "@aws-sdk/core": "^3.978.1", "@aws-sdk/credential-provider-node": "^3.972.84", "@aws-sdk/middleware-sdk-s3": "^3.972.77", "@aws-sdk/signature-v4-multi-region": "^3.996.47", "@aws-sdk/types": "^3.974.6", "@smithy/core": "^3.35.0", "@smithy/fetch-http-handler": "^5.8.0", "@smithy/node-http-handler": "^4.12.1", "@smithy/types": "^4.19.0", "tslib": "^2.6.2" } }, "sha512-CAicFlKAuCAUEU1tIptCTh6Eikr4rig9CWYwofZdEuJm9i24XNclgCspV4DKXlOY2nK2AMGHRt88oxmwDdNW7w=="],

    "@aws-sdk/core": ["@aws-sdk/core@3.978.1", "", { "dependencies": { "@aws-sdk/types": "^3.974.6", "@aws-sdk/xml-builder": "^3.972.41", "@aws/lambda-invoke-store": "^0.3.0", "@smithy/core": "^3.35.0", "@smithy/signature-v4": "^5.7.3", "@smithy/types": "^4.19.0", "bowser": "^2.11.0", "tslib": "^2.6.2" } }, "sha512-LbY9aGsEiznDWmUc30Nwv3aIX/+dbwTx8KfS0yOC3NPYMO+O91e6jkT1azf34FwjOndq8/Q+RcVVZz5xnerwdg=="],

    "@aws-sdk/credential-provider-env": ["@aws-sdk/credential-provider-env@3.972.72", "", { "dependencies": { "@aws-sdk/core": "^3.978.1", "@aws-sdk/types": "^3.974.6", "@smithy/core": "^3.35.0", "@smithy/types": "^4.19.0", "tslib": "^2.6.2" } }, "sha512-xTKO/FWJPozTIXbozVnVGoNBhaGba8TBcx+KyUjRVeOlXE+dUc7GTR1cLvu0uTdIdmemzaFbqqCshXeZA1fZew=="],

    "@aws-sdk/credential-provider-http": ["@aws-sdk/credential-provider-http@3.972.74", "", { "dependencies": { "@aws-sdk/core": "^3.978.1", "@aws-sdk/types": "^3.974.6", "@smithy/core": "^3.35.0", "@smithy/fetch-http-handler": "^5.8.0", "@smithy/node-http-handler": "^4.12.1", "@smithy/types": "^4.19.0", "tslib": "^2.6.2" } }, "sha512-u91E/hT8f4d1xy0Jl7VG4nVKJ3lxbrZkoBTeSVoJdWBiSEUMwMS/9+e0H/aJVQV//Lt5wuzP+E69v4aRSsNTmw=="],

    "@aws-sdk/credential-provider-ini": ["@aws-sdk/credential-provider-ini@3.973.17", "", { "dependencies": { "@aws-sdk/core": "^3.978.1", "@aws-sdk/credential-provider-env": "^3.972.72", "@aws-sdk/credential-provider-http": "^3.972.74", "@aws-sdk/credential-provider-login": "^3.972.79", "@aws-sdk/credential-provider-process": "^3.972.72", "@aws-sdk/credential-provider-sso": "^3.973.16", "@aws-sdk/credential-provider-web-identity": "^3.972.78", "@aws-sdk/nested-clients": "^3.997.46", "@aws-sdk/types": "^3.974.6", "@smithy/core": "^3.35.0", "@smithy/credential-provider-imds": "^4.5.2", "@smithy/types": "^4.19.0", "tslib": "^2.6.2" } }, "sha512-ged4KXdBkvIC81bLvNHHuQKdKak/VXhQTR1NWYTTqW0474nlmsxy9O/vlgTIohDDWH3xpBdtVMZRyjb+DnocDA=="],

    "@aws-sdk/credential-provider-login": ["@aws-sdk/credential-provider-login@3.972.79", "", { "dependencies": { "@aws-sdk/core": "^3.978.1", "@aws-sdk/nested-clients": "^3.997.46", "@aws-sdk/types": "^3.974.6", "@smithy/core": "^3.35.0", "@smithy/types": "^4.19.0", "tslib": "^2.6.2" } }, "sha512-L+Z85anONJd8MaiuraO4wRxATCdEejBZ3K3eymzWI5JPXa9sOS9CkIm72PBKqXKX+Z9p9NGMX5AIMXm0LEflgw=="],

    "@aws-sdk/credential-provider-node": ["@aws-sdk/credential-provider-node@3.972.84", "", { "dependencies": { "@aws-sdk/credential-provider-env": "^3.972.72", "@aws-sdk/credential-provider-http": "^3.972.74", "@aws-sdk/credential-provider-ini": "^3.973.17", "@aws-sdk/credential-provider-process": "^3.972.72", "@aws-sdk/credential-provider-sso": "^3.973.16", "@aws-sdk/credential-provider-web-identity": "^3.972.78", "@aws-sdk/types": "^3.974.6", "@smithy/core": "^3.35.0", "@smithy/credential-provider-imds": "^4.5.2", "@smithy/types": "^4.19.0", "tslib": "^2.6.2" } }, "sha512-oHt854odINVwzwsh+c5x69j0ajm4DbqqqVJ+O1ECsCIZeMDAbzFpXItaqP7UZstJj/ATdTk/KFSH0LaNAgV+kA=="],

    "@aws-sdk/credential-provider-process": ["@aws-sdk/credential-provider-process@3.972.72", "", { "dependencies": { "@aws-sdk/core": "^3.978.1", "@aws-sdk/types": "^3.974.6", "@smithy/core": "^3.35.0", "@smithy/types": "^4.19.0", "tslib": "^2.6.2" } }, "sha512-rLIp2xbMjX/k9/od7APpqq1ZgXXnV0pOL1Th3ZsL8Wu0TRtBsDTVS8iPqcfRFcHakFxPvR04OSTv2ka2qOb/2A=="],

    "@aws-sdk/credential-provider-sso": ["@aws-sdk/credential-provider-sso@3.973.16", "", { "dependencies": { "@aws-sdk/core": "^3.978.1", "@aws-sdk/nested-clients": "^3.997.46", "@aws-sdk/token-providers": "3.1138.0", "@aws-sdk/types": "^3.974.6", "@smithy/core": "^3.35.0", "@smithy/types": "^4.19.0", "tslib": "^2.6.2" } }, "sha512-IGihaJfFZYacJJr/odqILCoK7W/mvrZ7cuK7ECn3sAu4vLC6u0V8bS7mCGbdugJ8Aum2tnvqmx0F2MRFp2rn9g=="],

    "@aws-sdk/credential-provider-web-identity": ["@aws-sdk/credential-provider-web-identity@3.972.78", "", { "dependencies": { "@aws-sdk/core": "^3.978.1", "@aws-sdk/nested-clients": "^3.997.46", "@aws-sdk/types": "^3.974.6", "@smithy/core": "^3.35.0", "@smithy/types": "^4.19.0", "tslib": "^2.6.2" } }, "sha512-/y9WvNtlcPBGLR0qc1a+9J/xtYZfVczvLUOuXaVWylzttH7ewsxwHtjmiJSolNrVSDorIxHGHMU61CbonRkmwA=="],

    "@aws-sdk/middleware-sdk-s3": ["@aws-sdk/middleware-sdk-s3@3.972.77", "", { "dependencies": { "@aws-sdk/core": "^3.978.1", "@aws-sdk/signature-v4-multi-region": "^3.996.47", "@aws-sdk/types": "^3.974.6", "@smithy/core": "^3.35.0", "@smithy/types": "^4.19.0", "tslib": "^2.6.2" } }, "sha512-E7W2UOeUoc+lg3uIfR/dM7ZwusHwhBQrKMnlkRv4EXRR+C0YtV1pg25xC7GdZIhXH+NAMgZPCbE7o5to2cjFiw=="],

    "@aws-sdk/nested-clients": ["@aws-sdk/nested-clients@3.997.46", "", { "dependencies": { "@aws-sdk/core": "^3.978.1", "@aws-sdk/signature-v4-multi-region": "^3.996.47", "@aws-sdk/types": "^3.974.6", "@smithy/core": "^3.35.0", "@smithy/fetch-http-handler": "^5.8.0", "@smithy/node-http-handler": "^4.12.1", "@smithy/types": "^4.19.0", "tslib": "^2.6.2" } }, "sha512-oRxtBcka/JGHGs9l9p9IVajGoTP8vTPmoAzdHGy4Qcy9P5vPnDf6nhIeM/COQNY9k/OahImTRaLkHftoXvfcmQ=="],

    "@aws-sdk/signature-v4-multi-region": ["@aws-sdk/signature-v4-multi-region@3.996.47", "", { "dependencies": { "@aws-sdk/types": "^3.974.6", "@smithy/signature-v4": "^5.7.3", "@smithy/types": "^4.19.0", "tslib": "^2.6.2" } }, "sha512-Zk08macMvQTHzQJCLJVkOlviVoqwYMrpXv4lmLN7b7sAbiMoOK7Go0NYdR5UeF+MW8LIbRmwrNy9u/5VvX1U5g=="],

    "@aws-sdk/token-providers": ["@aws-sdk/token-providers@3.1138.0", "", { "dependencies": { "@aws-sdk/core": "^3.978.1", "@aws-sdk/nested-clients": "^3.997.46", "@aws-sdk/types": "^3.974.6", "@smithy/core": "^3.35.0", "@smithy/types": "^4.19.0", "tslib": "^2.6.2" } }, "sha512-GpyAr0DD63YOEmYFM6Df+gJuIgC92MMTiBK4FTKfxii5MJ9ge20epR7LyroulscYlG89J+ZB2ivFDPjvfQhzdw=="],

    "@aws-sdk/types": ["@aws-sdk/types@3.974.6", "", { "dependencies": { "@smithy/types": "^4.19.0", "tslib": "^2.6.2" } }, "sha512-v/clNZzZnDxGyvpHMOGpJKVXFAExJzUNAAjaWGdcx8QAcXLGwTaOkw33p5SHAi0YAioK32xB3hWwOekRVfmfKg=="],

    "@aws-sdk/xml-builder": ["@aws-sdk/xml-builder@3.972.41", "", { "dependencies": { "@smithy/types": "^4.19.0", "tslib": "^2.6.2" } }, "sha512-ctjVSyCMegrWfXlx6VqzSBFI6UqmQ5ZlnfMhdLIiWmhoH8UAQxSCP5N3OpG7X3k4LnS7ou74C4mt20+bfTW2aQ=="],

    "@aws/lambda-invoke-store": ["@aws/lambda-invoke-store@0.3.0", "", {}, "sha512-sl4Bm6yiMNYrZKkqqDFWN0UfnWhlS8ivKxrYl+6t0gCLrqr8y3B2IqZZbFRkfaVVp7C/baApyh71P+LeE1A2sQ=="],

    "@ioredis/commands": ["@ioredis/commands@2.0.0", "", {}, "sha512-vrx0AE/T0h7cRZwfo1M39Cr+ZhZrkf0V8mQN75wucKCxCLD9l/VX6no3gFvrLqD1IlG/1LtzWovqEw3t0Vr9zg=="],

    "@smithy/core": ["@smithy/core@3.35.1", "", { "dependencies": { "@smithy/types": "^4.19.0", "tslib": "^2.6.2" } }, "sha512-i4YPS4B6ts7bjn7UwLnGjiZdprOvHvgGobFZsYK3GIY3E5hIqtj0rReU69BcTpGp+fvtraSNXeG1l+jtJvF55w=="],

    "@smithy/credential-provider-imds": ["@smithy/credential-provider-imds@4.5.2", "", { "dependencies": { "@smithy/core": "^3.33.2", "@smithy/types": "^4.17.2", "tslib": "^2.6.2" } }, "sha512-A9uSdn72ozbRUSit0eib0TW7nXuNPlaeM0zcGkJ+nE6tFcSDbnmtwoxbTCFBukVQcszDAyvsd7+rTduPTXpygg=="],

    "@smithy/fetch-http-handler": ["@smithy/fetch-http-handler@5.8.0", "", { "dependencies": { "@smithy/core": "^3.33.3", "@smithy/types": "^4.18.0", "tslib": "^2.6.2" } }, "sha512-ycSJu3tFAQ4v04CBB0agqFMVsSQ1iG3yw+SpgxRqKfaURpQD4CZ8Wn0zPMmSnOuTpTh65Vz+EA0rMrw089wvkA=="],

    "@smithy/node-http-handler": ["@smithy/node-http-handler@4.12.1", "", { "dependencies": { "@smithy/core": "^3.33.3", "@smithy/types": "^4.18.0", "tslib": "^2.6.2" } }, "sha512-ThMkboGeONWXAelq9FvGsuJC4rOi+qyC4/zhUF58xYpxUg5sQKx2VXZYJmtNjr4dSuBJ1HeJXETQILCz3wOHvw=="],

    "@smithy/signature-v4": ["@smithy/signature-v4@5.7.4", "", { "dependencies": { "@smithy/core": "^3.35.0", "@smithy/types": "^4.19.0", "tslib": "^2.6.2" } }, "sha512-tHy0K0VtqNd5Y7Y41h0a0Lhh0L1GzC08dTWg0F7vRJWFtTENg7IZikf3wQkanYIRdb7ngoIPMTmqgUi401fEeQ=="],

    "@smithy/types": ["@smithy/types@4.19.0", "", { "dependencies": { "tslib": "^2.6.2" } }, "sha512-r7jh49VJxGerfAcTQA6gXcKc+98zOp/tqRwzYjgOE+iSQsP6cEU1hq2QzbuipmP68QtYdY9wKEhiCQZIzHgZ4Q=="],

    "@types/bun": ["@types/bun@1.3.14", "", { "dependencies": { "bun-types": "1.3.14" } }, "sha512-h1hFqFVcvAvD9j9K7ZW7vd82aSA+rTdznZa+5bwvCwqSB1jmmfLcbIWhOLx1/+boy/xmjgCs/OMUL8hRJSmnPw=="],

    "@types/node": ["@types/node@26.1.2", "", { "dependencies": { "undici-types": "~8.3.0" } }, "sha512-Vu4a5UFA9rIIFJ7rB/Vaafh9lrCQszopTCx6KjFboXTGQbPNasehVR5TEiithSDGyd1DEiUByggTZsg8jukeIg=="],

    "@types/pg": ["@types/pg@8.23.1", "", { "dependencies": { "@types/node": "*", "pg-protocol": "*", "pg-types": "^2.2.0" } }, "sha512-fKVHpikPdg4GKks3JuLEhvwSyvwzF23hnabPy6DD8ljVbC7+6J5dQzdv4arV6jqq57djnMgs1HKBxX4P8aBI3A=="],

    "agent-base": ["agent-base@6.0.2", "", { "dependencies": { "debug": "4" } }, "sha512-RZNwNclF7+MS/8bDg70amg32dyeZGZxiDuQmZxKLAlQjr3jGyLx+4Kkk58UO7D2QdgFIQCovuSuZESne6RG6XQ=="],

    "algoliasearch": ["algoliasearch@5.56.0", "", { "dependencies": { "@algolia/abtesting": "1.22.0", "@algolia/client-abtesting": "5.56.0", "@algolia/client-analytics": "5.56.0", "@algolia/client-common": "5.56.0", "@algolia/client-insights": "5.56.0", "@algolia/client-personalization": "5.56.0", "@algolia/client-query-suggestions": "5.56.0", "@algolia/client-search": "5.56.0", "@algolia/ingestion": "1.56.0", "@algolia/monitoring": "1.56.0", "@algolia/recommend": "5.56.0", "@algolia/requester-browser-xhr": "5.56.0", "@algolia/requester-fetch": "5.56.0", "@algolia/requester-node-http": "5.56.0" } }, "sha512-PrqppUmhT4ENdas2pH9caE7efUcxy6EcSFhWzosiVuQBzu2tQ5yLTI6jwomT/1cuBnivzGfxiJCqDNN9FRRh+Q=="],

    "asynckit": ["asynckit@0.4.0", "", {}, "sha512-Oei9OH4tRh0YqU3GxhX79dM/mwVgvbZJaSNaRk+bshkj0S5cfHcgYakreBjrHwatXKbz+IoIdYLxrKim2MjW0Q=="],

    "axios": ["axios@1.20.0", "", { "dependencies": { "follow-redirects": "^1.16.0", "form-data": "^4.0.6", "https-proxy-agent": "^5.0.1", "proxy-from-env": "^2.1.0" } }, "sha512-r8aOh8j9cGKpgQAqpzrUHnSIc6a59Y3Xf/cv8sy1DrHCkZHzQGEuoq1tARk6qSyDdtQGSDgpb9kFlruzPvrgwg=="],

    "bowser": ["bowser@2.14.1", "", {}, "sha512-tzPjzCxygAKWFOJP011oxFHs57HzIhOEracIgAePE4pqB3LikALKnSzUyU4MGs9/iCEUuHlAJTjTc5M+u7YEGg=="],

    "bun-types": ["bun-types@1.3.14", "", { "dependencies": { "@types/node": "*" } }, "sha512-4N0ig0fEomHt5R0KCFWjovxow98rIoRwKolrYdCcknNwMekCXRnWEUvgu5soYV8QXtVsrUD8B95MBOZGPvr6KQ=="],

    "call-bind-apply-helpers": ["call-bind-apply-helpers@1.0.2", "", { "dependencies": { "es-errors": "^1.3.0", "function-bind": "^1.1.2" } }, "sha512-Sp1ablJ0ivDkSzjcaJdxEunN5/XvksFJ2sMBFfq6x0ryhQV/2b/KwFe21cMpmHtPOSij8K99/wSfoEuTObmuMQ=="],

    "cluster-key-slot": ["cluster-key-slot@1.1.1", "", {}, "sha512-rwHwUfXL40Chm1r08yrhU3qpUvdVlgkKNeyeGPOxnW8/SyVDvgRaed/Uz54AqWNaTCAThlj6QAs3TZcKI0xDEw=="],

    "combined-stream": ["combined-stream@1.0.8", "", { "dependencies": { "delayed-stream": "~1.0.0" } }, "sha512-FQN4MRfuJeHf7cBbBMJFXhKSDq+2kAArBlmRBvcvFE5BB1HZKXtSFASDhdlz9zOYwxh8lDdnvmMOe/+5cdoEdg=="],

    "debug": ["debug@4.4.3", "", { "dependencies": { "ms": "^2.1.3" }, "peerDependencies": { "supports-color": "*" }, "optionalPeers": ["supports-color"] }, "sha512-RGwwWnwQvkVfavKVt22FGLw+xYSdzARwm0ru6DhTVA3umU5hZc28V3kO4stgYryrTlLpuvgI9GiijltAjNbcqA=="],

    "delayed-stream": ["delayed-stream@1.0.0", "", {}, "sha512-ZySD7Nf91aLB0RxL4KGrKHBXl7Eds1DAmEdcoVawXnLD7SDhpNgtuII2aAkg7a7QS41jxPSZ17p4VdGnMHk3MQ=="],

    "denque": ["denque@2.1.0", "", {}, "sha512-HVQE3AAb/pxF8fQAoiqpvg9i3evqug3hoiwakOyZAwJm+6vZehbkYXZ0l4JxS+I3QxM97v5aaRNhj8v5oBhekw=="],

    "dotenv": ["dotenv@18.0.5", "", { "bin": { "dotenv": "dist/index.cjs" } }, "sha512-aBrGvt6KhjxbEnatqMWOMidftwsrCiCvqh1yNIGB9QyF0J+VcWkKDMsvYOEm7ZS82oiV+BT1sTOtIlAmUlTpwQ=="],

    "dunder-proto": ["dunder-proto@1.0.1", "", { "dependencies": { "call-bind-apply-helpers": "^1.0.1", "es-errors": "^1.3.0", "gopd": "^1.2.0" } }, "sha512-KIN/nDJBQRcXw0MLVhZE9iQHmG68qAVIBg9CqmUYjmQIhgij9U5MFvrqkUL5FbtyyzZuOeOt0zdeRe4UY7ct+A=="],

    "es-define-property": ["es-define-property@1.0.1", "", {}, "sha512-e3nRfgfUZ4rNGL232gUgX06QNyyez04KdjFrF+LTRoOXmrOgFKDg4BCdsjW8EnT69eqdYGmRpJwiPVYNrCaW3g=="],

    "es-errors": ["es-errors@1.3.0", "", {}, "sha512-Zf5H2Kxt2xjTvbJvP2ZWLEICxA6j+hAmMzIlypy4xcBg1vKVnx89Wy0GbS+kf5cwCVFFzdCFh2XSCFNULS6csw=="],

    "es-object-atoms": ["es-object-atoms@1.1.2", "", { "dependencies": { "es-errors": "^1.3.0" } }, "sha512-HWcBoN6NileqtSydK2FqHbS/LoDd2pqrnQHLyJzBj4kOp/ky2MWMN694xOfkK8/SnUsW2DH7EfyVlydKCsm1Zw=="],

    "es-set-tostringtag": ["es-set-tostringtag@2.1.0", "", { "dependencies": { "es-errors": "^1.3.0", "get-intrinsic": "^1.2.6", "has-tostringtag": "^1.0.2", "hasown": "^2.0.2" } }, "sha512-j6vWzfrGVfyXxge+O0x5sh6cvxAog0a/4Rdd2K36zCMV5eJ+/+tOAngRO8cODMNWbVRdVlmGZQL2YS3yR8bIUA=="],

    "follow-redirects": ["follow-redirects@1.16.0", "", { "peerDependencies": { "debug": "*" }, "optionalPeers": ["debug"] }, "sha512-y5rN/uOsadFT/JfYwhxRS5R7Qce+g3zG97+JrtFZlC9klX/W5hD7iiLzScI4nZqUS7DNUdhPgw4xI8W2LuXlUw=="],

    "form-data": ["form-data@4.0.6", "", { "dependencies": { "asynckit": "^0.4.0", "combined-stream": "^1.0.8", "es-set-tostringtag": "^2.1.0", "hasown": "^2.0.4", "mime-types": "^2.1.35" } }, "sha512-vKatAh4SlVfgbv+YtmhiRjhEMJsYpsG1Y2rMQtR+SVSbytsSD1YGzDIcrAJmdFec88u/+VoGmxnl+80gL1tRCQ=="],

    "function-bind": ["function-bind@1.1.2", "", {}, "sha512-7XHNxH7qX9xG5mIwxkhumTox/MIRNcOgDrxWsMt2pAr23WHp6MrRlN7FBSFpCpr+oVO0F744iUgR82nJMfG2SA=="],

    "get-intrinsic": ["get-intrinsic@1.3.0", "", { "dependencies": { "call-bind-apply-helpers": "^1.0.2", "es-define-property": "^1.0.1", "es-errors": "^1.3.0", "es-object-atoms": "^1.1.1", "function-bind": "^1.1.2", "get-proto": "^1.0.1", "gopd": "^1.2.0", "has-symbols": "^1.1.0", "hasown": "^2.0.2", "math-intrinsics": "^1.1.0" } }, "sha512-9fSjSaos/fRIVIp+xSJlE6lfwhES7LNtKaCBIamHsjr2na1BiABJPo0mOjjz8GJDURarmCPGqaiVg5mfjb98CQ=="],

    "get-proto": ["get-proto@1.0.1", "", { "dependencies": { "dunder-proto": "^1.0.1", "es-object-atoms": "^1.0.0" } }, "sha512-sTSfBjoXBp89JvIKIefqw7U2CCebsc74kiY6awiGogKtoSGbgjYE/G/+l9sF3MWFPNc9IcoOC4ODfKHfxFmp0g=="],

    "gopd": ["gopd@1.2.0", "", {}, "sha512-ZUKRh6/kUFoAiTAtTYPZJ3hw9wNxx+BIBOijnlG9PnrJsCcSjs1wyyD6vJpaYtgnzDrKYRSqf3OO6Rfa93xsRg=="],

    "hamming-distance": ["hamming-distance@1.0.0", "", {}, "sha512-hYz2IIKtyuZGfOqCs7skNiFEATf+v9IUNSOaQSr6Ll4JOxxWhOvXvc3mIdCW82Z3xW+zUoto7N/ssD4bDxAWoA=="],

    "has-symbols": ["has-symbols@1.1.0", "", {}, "sha512-1cDNdwJ2Jaohmb3sg4OmKaMBwuC48sYni5HUw2DvsC8LjGTLK9h+eb1X6RyuOHe4hT0ULCW68iomhjUoKUqlPQ=="],

    "has-tostringtag": ["has-tostringtag@1.0.2", "", { "dependencies": { "has-symbols": "^1.0.3" } }, "sha512-NqADB8VjPFLM2V0VvHUewwwsw0ZWBaIdgo+ieHtK3hasLz4qeCRjYcqfB6AQrBggRKppKF8L52/VqdVsO47Dlw=="],

    "hasown": ["hasown@2.0.4", "", { "dependencies": { "function-bind": "^1.1.2" } }, "sha512-T2UbfbBEF32wiepXIsMlTW9+dDYC6wMh/t/vYA4tuOMKqWz/n3vr1NFSxQiyP+zk2mXsoMA/i/7qV6LKut1t1A=="],

    "https-proxy-agent": ["https-proxy-agent@5.0.1", "", { "dependencies": { "agent-base": "6", "debug": "4" } }, "sha512-dFcAjpTQFgoLMzC2VwU+C/CbS7uRL0lWmxDITmqm7C+7F0Odmj6s9l6alZc6AELXhrnggM2CeWSXHGOdX2YtwA=="],

    "imagekit": ["imagekit@6.0.0", "", { "dependencies": { "axios": "^1.6.5", "form-data": "^4.0.0", "hamming-distance": "^1.0.0", "lodash": "^4.17.15", "tslib": "^2.4.0", "uuid": "^8.3.2" } }, "sha512-0MsxThZM2PYH6ngwN3zi9PDa8pCB5mEZG2FSySYiZk3Hfri8IMwUqVNzRlLQewBHQ3YtTN9M59O0Xe9HRewtOA=="],

    "ioredis": ["ioredis@6.0.0", "", { "dependencies": { "@ioredis/commands": "2.0.0", "cluster-key-slot": "1.1.1", "debug": "4.4.3", "denque": "2.1.0", "redis-errors": "1.2.0", "standard-as-callback": "2.1.0" } }, "sha512-f+Dtubxfpf6KYFq7WVXJoOLn0bk4TJrMrN9SzeE+jrWrCWj7XX3fA6vkryafhADX+GMymRxgDJDOI33COkJc0w=="],

    "jssha": ["jssha@2.4.2", "", {}, "sha512-/jsi/9C0S70zfkT/4UlKQa5E1xKurDnXcQizcww9JSR/Fv+uIbWM2btG+bFcL3iNoK9jIGS0ls9HWLr1iw0kFg=="],

    "ky": ["ky@1.7.5", "", {}, "sha512-HzhziW6sc5m0pwi5M196+7cEBtbt0lCYi67wNsiwMUmz833wloE0gbzJPWKs1gliFKQb34huItDQX97LyOdPdA=="],

    "lodash": ["lodash@4.18.1", "", {}, "sha512-dMInicTPVE8d1e5otfwmmjlxkZoUpiVLwyeTdUsi/Caj/gfzzblBcCE5sRHV/AsjuCmxWrte2TNGSYuCeCq+0Q=="],

    "math-intrinsics": ["math-intrinsics@1.1.0", "", {}, "sha512-/IXtbwEk5HTPyEwyKX6hGkYXxM9nbj64B+ilVJnC/R6B0pH5G4V3b0pVbL7DBj4tkhBAppbQUlf6F6Xl9LHu1g=="],

    "mime-db": ["mime-db@1.52.0", "", {}, "sha512-sPU4uV7dYlvtWJxwwxHD0PuihVNiE7TyAbQ5SWxDCB9mUYvOgroQOwYQQOKPJ8CIbE+1ETVlOoK1UC2nU3gYvg=="],

    "mime-types": ["mime-types@2.1.35", "", { "dependencies": { "mime-db": "1.52.0" } }, "sha512-ZDY+bPm5zTTF+YpCrAU9nK0UgICYPT0QtT1NZWFv4s++TNkcgVaT0g6+4R2uI4MjQjzysHB1zxuWL50hzaeXiw=="],

    "ms": ["ms@2.1.3", "", {}, "sha512-6FlzubTLZG3J2a/NVCAleEhjzq5oxgHyaCU9yYXvcLsvoVaHJq/s5xXI6/XXP6tz7R9xAOtHnSO/tXtF3WRTlA=="],

    "pg": ["pg@8.23.0", "", { "dependencies": { "pg-connection-string": "^2.14.0", "pg-pool": "^3.14.0", "pg-protocol": "^1.16.0", "pg-types": "2.2.0", "pgpass": "1.0.5" }, "optionalDependencies": { "pg-cloudflare": "^1.4.0" }, "peerDependencies": { "pg-native": ">=3.0.1" }, "optionalPeers": ["pg-native"] }, "sha512-Ip2EQCngowJLGOfCwkFhPXU7/ljlhn6Rxlmy4XYfL2Y+vyRM59+8uR2xqRWKdYmbXmxCFOAmKxBuSUCdF34qLg=="],

    "pg-cloudflare": ["pg-cloudflare@1.4.0", "", {}, "sha512-Vo7z/6rrQYxpNRylp4Tlob2elzbh+N/MOQbxFVWCxS7oEx6jF53GTJFxK2WWpKuBRkmiin4Mt+xofFDjx09R0A=="],

    "pg-connection-string": ["pg-connection-string@2.14.0", "", {}, "sha512-XwWDGcLRGCXAR8F/AM5bG7Q+A3Wm2s6QeEjlOKZLlH3UYcguiqCWKyWXVag5TLTIjR7oOJUY8kcADaZgWPyLeg=="],

    "pg-int8": ["pg-int8@1.0.1", "", {}, "sha512-WCtabS6t3c8SkpDBUlb1kjOs7l66xsGdKpIPZsg4wR+B3+u9UAum2odSsF9tnvxg80h4ZxLWMy4pRjOsFIqQpw=="],

    "pg-pool": ["pg-pool@3.14.0", "", { "peerDependencies": { "pg": ">=8.0" } }, "sha512-gKtPkFdQPU3DksooVLi9LsjZxrsBUZIpa+7aVx+LV5pNh0KzP4Zleud2po+ConrxbuXGBJ6Hfer6hdgpIBpBaw=="],

    "pg-protocol": ["pg-protocol@1.16.0", "", {}, "sha512-sILXutLVjCLjcDuOmvhX5e2Z4cS5qG/6Bu3VkpFwdf/633ElGLpEh9bgmuI5I4sqKqkifQiGyiCcx1HdtrK7tg=="],

    "pg-types": ["pg-types@2.2.0", "", { "dependencies": { "pg-int8": "1.0.1", "postgres-array": "~2.0.0", "postgres-bytea": "~1.0.0", "postgres-date": "~1.0.4", "postgres-interval": "^1.1.0" } }, "sha512-qTAAlrEsl8s4OiEQY69wDvcMIdQN6wdz5ojQiOy6YRMuynxenON0O5oCpJI6lshc6scgAY8qvJ2On/p+CXY0GA=="],

    "pgpass": ["pgpass@1.0.5", "", { "dependencies": { "split2": "^4.1.0" } }, "sha512-FdW9r/jQZhSeohs1Z3sI1yxFQNFvMcnmfuj4WBMUTxOrAyLMaTcE1aAMBiTlbMNaXvBCQuVi0R7hd8udDSP7ug=="],

    "postgres-array": ["postgres-array@2.0.0", "", {}, "sha512-VpZrUqU5A69eQyW2c5CA1jtLecCsN2U/bD6VilrFDWq5+5UIEVO7nazS3TEcHf1zuPYO/sqGvUvW62g86RXZuA=="],

    "postgres-bytea": ["postgres-bytea@1.0.1", "", {}, "sha512-5+5HqXnsZPE65IJZSMkZtURARZelel2oXUEO8rH83VS/hxH5vv1uHquPg5wZs8yMAfdv971IU+kcPUczi7NVBQ=="],

    "postgres-date": ["postgres-date@1.0.7", "", {}, "sha512-suDmjLVQg78nMK2UZ454hAG+OAW+HQPZ6n++TNDUX+L0+uUlLywnoxJKDou51Zm+zTCjrCl0Nq6J9C5hP9vK/Q=="],

    "postgres-interval": ["postgres-interval@1.2.0", "", { "dependencies": { "xtend": "^4.0.0" } }, "sha512-9ZhXKM/rw350N1ovuWHbGxnGh/SNJ4cnxHiM0rxE4VN41wsg8P8zWn9hv/buK00RP4WvlOyr/RBDiptyxVbkZQ=="],

    "proxy-from-env": ["proxy-from-env@2.1.0", "", {}, "sha512-cJ+oHTW1VAEa8cJslgmUZrc+sjRKgAKl3Zyse6+PV38hZe/V6Z14TbCuXcan9F9ghlz4QrFr2c92TNF82UkYHA=="],

    "recombee-api-client": ["recombee-api-client@6.3.0", "", { "dependencies": { "jssha": "2.4.2", "ky": "1.7.5" } }, "sha512-3mogLKuItqSN2pMEldbeUooLGDXgDNUgyMqVFo4LY5J6fDDh90YAoynNqFn2ho2lvyrcnHchsISeucm6Tb1B9Q=="],

    "recombee-js-api-client": ["recombee-js-api-client@6.2.1", "", { "dependencies": { "jssha": "3.3.1" } }, "sha512-ckPU3fq+Ax/Ln2MUPwqo2sTeL+l47FGIUN9SBKxKMZmA4hHoow/SdXdxuO1l5ZuOCfBkhWeNY4gC1SnrZylPCg=="],

    "redis-errors": ["redis-errors@1.2.0", "", {}, "sha512-1qny3OExCf0UvUV/5wpYKf2YwPcOqXzkwKKSmKHiE6ZMQs5heeE/c8eXK+PNllPvmjgAbfnsbpkGZWy8cBpn9w=="],

    "split2": ["split2@4.2.0", "", {}, "sha512-UcjcJOWknrNkF6PLX83qcHM6KHgVKNkV62Y8a5uYDVv9ydGQVwAHMKqHdJje1VTWpljG0WYpCDhrCdAOYH4TWg=="],

    "standard-as-callback": ["standard-as-callback@2.1.0", "", {}, "sha512-qoRRSyROncaz1z0mvYqIE4lCd9p2R90i6GxW3uZv5ucSu8tU7B5HXUP1gG8pVZsYNVaXjk8ClXHPttLyxAL48A=="],

    "tslib": ["tslib@2.8.1", "", {}, "sha512-oJFu94HQb+KVduSUQL7wnpmqnfmLsOA/nAh6b6EH0wCEoK0/mPeXU6c3wKDV83MkOuHPRHtSXKKU99IBazS/2w=="],

    "typescript": ["typescript@5.9.3", "", { "bin": { "tsc": "bin/tsc", "tsserver": "bin/tsserver" } }, "sha512-jl1vZzPDinLr9eUt3J/t7V6FgNEw9QjvBPdysz9KfQDD41fQrC2Y4vKQdiaUpFT4bXlb1RHhLpp8wtm6M5TgSw=="],

    "undici-types": ["undici-types@8.3.0", "", {}, "sha512-j375ScV60dom+YkPFIfTLcOiPxkN/buHz5GobjLhixFuANaNs3C9l4GmrWqejgXWJ7BbJcFYpTEUkS1Ge8bpZQ=="],

    "uuid": ["uuid@8.3.2", "", { "bin": { "uuid": "dist/bin/uuid" } }, "sha512-+NYs2QeMWy+GWFOEm9xnn6HCDp0l7QBD7ml8zLUmJ+93Q5NF0NocErnwkTkXVFNiX3/fpC6afS8Dhb/gz7R7eg=="],

    "xtend": ["xtend@4.0.2", "", {}, "sha512-LKYU1iAXJXUgAXn9URjiu+MWhyUXHsvfp7mcuYm9dSUKK0/CjtrUwFAxD82/mCWbtLsGjFIad0wIsod4zrTAEQ=="],

    "recombee-js-api-client/jssha": ["jssha@3.3.1", "", {}, "sha512-VCMZj12FCFMQYcFLPRm/0lOBbLi8uM2BhXPTqw3U4YAfs4AZfiApOoBLoN8cQE60Z50m1MYMTQVCfgF/KaCVhQ=="],
  }
}
